
Microsoft Visual Studio Solution File, Format Version 12.00
# Visual Studio Version 16
VisualStudioVersion = 16.0.31727.386
MinimumVisualStudioVersion = 10.0.40219.1
Project("{FAE04EC0-301F-11D3-BF4B-00C04F79EFBC}") = "PlayerMap", "PlayerMap.csproj", "{047F0074-92E0-4174-A9AE-794AE0D9A2AE}"
EndProject
Global
	GlobalSection(SolutionConfigurationPlatforms) = preSolution
		Debug|Any CPU = Debug|Any CPU
		Release|Any CPU = Release|Any CPU
	EndGlobalSection
	GlobalSection(ProjectConfigurationPlatforms) = postSolution
		{047F0074-92E0-4174-A9AE-794AE0D9A2AE}.Debug|Any CPU.ActiveCfg = Debug|Any CPU
		{047F0074-92E0-4174-A9AE-794AE0D9A2AE}.Debug|Any CPU.Build.0 = Debug|Any CPU
		{047F0074-92E0-4174-A9AE-794AE0D9A2AE}.Release|Any CPU.ActiveCfg = Release|Any CPU
		{047F0074-92E0-4174-A9AE-794AE0D9A2AE}.Release|Any CPU.Build.0 = Release|Any CPU
	EndGlobalSection
	GlobalSection(SolutionProperties) = preSolution
		HideSolutionNode = FALSE
	EndGlobalSection
	GlobalSection(ExtensibilityGlobals) = postSolution
		SolutionGuid = {888EAC10-0E97-41A5-888A-64AEA9EBAFF8}
	EndGlobalSection
EndGlobal
